github.com/eclipse/paho.golang v0.22.0 h1:JhhUngr8TBlyUZDZw/L6WVayPi9qmSmdWeki48i5AVE=
github.com/eclipse/paho.golang v0.22.0/go.mod h1:9ZiYJ93iEfGRJri8tErNeStPKLXIGBHiqbHV74t5pqI=
github.com/gorilla/websocket v1.5.3 h1:saDtZ6Pbx/0u+bgYQ3q96pZgCzfhKXGPqt7kZ72aNNg=
github.com/gorilla/websocket v1.5.3/go.mod h1:YR8l580nyteQvAITg2hZ9XVh4b55+EU/adAjf1fMHhE=
github.com/samthor/daikinac v0.0.0-20250816012424-ec0c7d7c3632 h1:/gwjKW5b4yBN/CjXsHZjH51+dSqwEuV3ogwYJj0kXYI=
github.com/samthor/daikinac v0.0.0-20250816012424-ec0c7d7c3632/go.mod h1:8qnOjf+RsLUCDVM93P9m/jzwRYSJKElAWNK/Hl+n63E=
golang.org/x/net v0.27.0 h1:5K3Njcw06/l2y9vpGCSdcxWOYHOUk3dVNGDXN+FvAys=
golang.org/x/net v0.27.0/go.mod h1:dDi0PyhWNoiUOrAS8uXv/vnScO4wnHQO4mj9fn/RytE=
golang.org/x/sync v0.16.0 h1:ycBJEhp9p4vXvUZNszeOq0kGTPghopOL8q0fq3vstxw=
golang.org/x/sync v0.16.0/go.mod h1:1dzgHSNfp02xaA81J2MS99Qcpr2w7fw1gpm99rleRqA=
google.golang.org/protobuf v1.36.8 h1:xHScyCOEuuwZEc6UtSOvPbAT4zRh0xcNRYekJwfqyMc=
google.golang.org/protobuf v1.36.8/go.mod h1:fuxRtAxBytpl4zzqUh6/eyUujkJdNiuEkXntxiD/uRU=
